
Microsoft Visual Studio Solution File, Format Version 12.00
# Visual Studio 14
VisualStudioVersion = 14.0.23107.0
MinimumVisualStudioVersion = 10.0.40219.1
Project("{FAE04EC0-301F-11D3-BF4B-00C04F79EFBC}") = "JetBrains.Owin.Security.JetPass", "JetBrains.Owin.Security.JetPass.csproj", "{5420E0D1-15B8-43EC-9DE5-9E5F9C503FB1}"
EndProject
Global
	GlobalSection(SolutionConfigurationPlatforms) = preSolution
		Debug|Any CPU = Debug|Any CPU
		Release|Any CPU = Release|Any CPU
	EndGlobalSection
	GlobalSection(ProjectConfigurationPlatforms) = postSolution
		{5420E0D1-15B8-43EC-9DE5-9E5F9C503FB1}.Debug|Any CPU.ActiveCfg = Release|Any CPU
		{5420E0D1-15B8-43EC-9DE5-9E5F9C503FB1}.Debug|Any CPU.Build.0 = Release|Any CPU
		{5420E0D1-15B8-43EC-9DE5-9E5F9C503FB1}.Release|Any CPU.ActiveCfg = Release|Any CPU
		{5420E0D1-15B8-43EC-9DE5-9E5F9C503FB1}.Release|Any CPU.Build.0 = Release|Any CPU
	EndGlobalSection
	GlobalSection(SolutionProperties) = preSolution
		HideSolutionNode = FALSE
	EndGlobalSection
EndGlobal
